// !$*UTF8*$!
{
	archiveVersion = 1;
	classes = {
	};
	objectVersion = 46;
	objects = {

/* Begin PBXBuildFile section */
		28241EB11A63B17C00EF7EFA /* Background.jpg in Resources */ = {isa = PBXBuildFile; fileRef = 28241EB01A63B17C00EF7EFA /* Background.jpg */; };
		2863986B1A68D5150050C41F /* settings.png in Resources */ = {isa = PBXBuildFile; fileRef = 286398691A68D5150050C41F /* settings.png */; };
		2863986C1A68D5150050C41F /* taxiWhite.png in Resources */ = {isa = PBXBuildFile; fileRef = 2863986A1A68D5150050C41F /* taxiWhite.png */; };
		28B237781A63750000A49B6B /* main.m in Sources */ = {isa = PBXBuildFile; fileRef = 28B237771A63750000A49B6B /* main.m */; };
		28B237831A63750000A49B6B /* Images.xcassets in Resources */ = {isa = PBXBuildFile; fileRef = 28B237821A63750000A49B6B /* Images.xcassets */; };
		28B237861A63750000A49B6B /* LaunchScreen.xib in Resources */ = {isa = PBXBuildFile; fileRef = 28B237841A63750000A49B6B /* LaunchScreen.xib */; };
		28B237921A63750000A49B6B /* The_HIllTests.m in Sources */ = {isa = PBXBuildFile; fileRef = 28B237911A63750000A49B6B /* The_HIllTests.m */; };
		28B2379D1A63751700A49B6B /* AppDelegate.m in Sources */ = {isa = PBXBuildFile; fileRef = 28B2379C1A63751700A49B6B /* AppDelegate.m */; };
		28B237A51A63754300A49B6B /* JJWSpecailsLoader.m in Sources */ = {isa = PBXBuildFile; fileRef = 28B237A21A63754300A49B6B /* JJWSpecailsLoader.m */; };
		28B237A61A63754300A49B6B /* JJWSpecial.m in Sources */ = {isa = PBXBuildFile; fileRef = 28B237A41A63754300A49B6B /* JJWSpecial.m */; };
		28B237AD1A63754B00A49B6B /* JJWTableViewCell.m in Sources */ = {isa = PBXBuildFile; fileRef = 28B237A81A63754B00A49B6B /* JJWTableViewCell.m */; };
		28B237AE1A63754B00A49B6B /* JJWTableViewCell.xib in Resources */ = {isa = PBXBuildFile; fileRef = 28B237A91A63754B00A49B6B /* JJWTableViewCell.xib */; };
		28B237AF1A63754B00A49B6B /* JJWTableViewCellAlt.m in Sources */ = {isa = PBXBuildFile; fileRef = 28B237AB1A63754B00A49B6B /* JJWTableViewCellAlt.m */; };
		28B237B01A63754B00A49B6B /* JJWTableViewCellAlt.xib in Resources */ = {isa = PBXBuildFile; fileRef = 28B237AC1A63754B00A49B6B /* JJWTableViewCellAlt.xib */; };
		386FC7C01A6BAEED00061E1A /* Storyboard.storyboard in Resources */ = {isa = PBXBuildFile; fileRef = 386FC7BF1A6BAEED00061E1A /* Storyboard.storyboard */; };
		386FC7C31A6BB11D00061E1A /* JJWUITableViewController.m in Sources */ = {isa = PBXBuildFile; fileRef = 386FC7C21A6BB11D00061E1A /* JJWUITableViewController.m */; };
		386FC7C71A6BBA0D00061E1A /* JJWDetailUIViewController.m in Sources */ = {isa = PBXBuildFile; fileRef = 386FC7C51A6BBA0D00061E1A /* JJWDetailUIViewController.m */; };
		386FC7C81A6BBA0D00061E1A /* JJWDetailUIViewController.xib in Resources */ = {isa = PBXBuildFile; fileRef = 386FC7C61A6BBA0D00061E1A /* JJWDetailUIViewController.xib */; };
		38BE0E4D1A644B6300DC150D /* JSON Format Refrence in Resources */ = {isa = PBXBuildFile; fileRef = 38BE0E4C1A644B6300DC150D /* JSON Format Refrence */; };
/* End PBXBuildFile section */

/* Begin PBXContainerItemProxy section */
		28B2378C1A63750000A49B6B /* PBXContainerItemProxy */ = {
			isa = PBXContainerItemProxy;
			containerPortal = 28B2376A1A63750000A49B6B /* Project object */;
			proxyType = 1;
			remoteGlobalIDString = 28B237711A63750000A49B6B;
			remoteInfo = The_HIll;
		};
/* End PBXContainerItemProxy section */

/* Begin PBXFileReference section */
		28241EB01A63B17C00EF7EFA /* Background.jpg */ = {isa = PBXFileReference; lastKnownFileType = image.jpeg; path = Background.jpg; sourceTree = "<group>"; };
		286398691A68D5150050C41F /* settings.png */ = {isa = PBXFileReference; lastKnownFileType = image.png; path = settings.png; sourceTree = "<group>"; };
		2863986A1A68D5150050C41F /* taxiWhite.png */ = {isa = PBXFileReference; lastKnownFileType = image.png; path = taxiWhite.png; sourceTree = "<group>"; };
		28B237721A63750000A49B6B /* The_HIll.app */ = {isa = PBXFileReference; explicitFileType = wrapper.application; includeInIndex = 0; path = The_HIll.app; sourceTree = BUILT_PRODUCTS_DIR; };
		28B237761A63750000A49B6B /* Info.plist */ = {isa = PBXFileReference; lastKnownFileType = text.plist.xml; path = Info.plist; sourceTree = "<group>"; };
		28B237771A63750000A49B6B /* main.m */ = {isa = PBXFileReference; lastKnownFileType = sourcecode.c.objc; path = main.m; sourceTree = "<group>"; };
		28B237821A63750000A49B6B /* Images.xcassets */ = {isa = PBXFileReference; lastKnownFileType = folder.assetcatalog; path = Images.xcassets; sourceTree = "<group>"; };
		28B237851A63750000A49B6B /* Base */ = {isa = PBXFileReference; lastKnownFileType = file.xib; name = Base; path = Base.lproj/LaunchScreen.xib; sourceTree = "<group>"; };
		28B2378B1A63750000A49B6B /* The_HIllTests.xctest */ = {isa = PBXFileReference; explicitFileType = wrapper.cfbundle; includeInIndex = 0; path = The_HIllTests.xctest; sourceTree = BUILT_PRODUCTS_DIR; };
		28B237901A63750000A49B6B /* Info.plist */ = {isa = PBXFileReference; lastKnownFileType = text.plist.xml; path = Info.plist; sourceTree = "<group>"; };
		28B237911A63750000A49B6B /* The_HIllTests.m */ = {isa = PBXFileReference; lastKnownFileType = sourcecode.c.objc; path = The_HIllTests.m; sourceTree = "<group>"; };
		28B2379B1A63751700A49B6B /* AppDelegate.h */ = {isa = PBXFileReference; fileEncoding = 4; lastKnownFileType = sourcecode.c.h; path = AppDelegate.h; sourceTree = "<group>"; };
		28B2379C1A63751700A49B6B /* AppDelegate.m */ = {isa = PBXFileReference; fileEncoding = 4; lastKnownFileType = sourcecode.c.objc; path = AppDelegate.m; sourceTree = "<group>"; };
		28B237A11A63754300A49B6B /* JJWSpecailsLoader.h */ = {isa = PBXFileReference; fileEncoding = 4; lastKnownFileType = sourcecode.c.h; path = JJWSpecailsLoader.h; sourceTree = "<group>"; };
		28B237A21A63754300A49B6B /* JJWSpecailsLoader.m */ = {isa = PBXFileReference; fileEncoding = 4; lastKnownFileType = sourcecode.c.objc; path = JJWSpecailsLoader.m; sourceTree = "<group>"; };
		28B237A31A63754300A49B6B /* JJWSpecial.h */ = {isa = PBXFileReference; fileEncoding = 4; lastKnownFileType = sourcecode.c.h; path = JJWSpecial.h; sourceTree = "<group>"; };
		28B237A41A63754300A49B6B /* JJWSpecial.m */ = {isa = PBXFileReference; fileEncoding = 4; lastKnownFileType = sourcecode.c.objc; path = JJWSpecial.m; sourceTree = "<group>"; };
		28B237A71A63754B00A49B6B /* JJWTableViewCell.h */ = {isa = PBXFileReference; fileEncoding = 4; lastKnownFileType = sourcecode.c.h; path = JJWTableViewCell.h; sourceTree = "<group>"; };
		28B237A81A63754B00A49B6B /* JJWTableViewCell.m */ = {isa = PBXFileReference; fileEncoding = 4; lastKnownFileType = sourcecode.c.objc; path = JJWTableViewCell.m; sourceTree = "<group>"; };
		28B237A91A63754B00A49B6B /* JJWTableViewCell.xib */ = {isa = PBXFileReference; fileEncoding = 4; lastKnownFileType = file.xib; path = JJWTableViewCell.xib; sourceTree = "<group>"; };
		28B237AA1A63754B00A49B6B /* JJWTableViewCellAlt.h */ = {isa = PBXFileReference; fileEncoding = 4; lastKnownFileType = sourcecode.c.h; path = JJWTableViewCellAlt.h; sourceTree = "<group>"; };
		28B237AB1A63754B00A49B6B /* JJWTableViewCellAlt.m */ = {isa = PBXFileReference; fileEncoding = 4; lastKnownFileType = sourcecode.c.objc; path = JJWTableViewCellAlt.m; sourceTree = "<group>"; };
		28B237AC1A63754B00A49B6B /* JJWTableViewCellAlt.xib */ = {isa = PBXFileReference; fileEncoding = 4; lastKnownFileType = file.xib; path = JJWTableViewCellAlt.xib; sourceTree = "<group>"; };
		386FC7BF1A6BAEED00061E1A /* Storyboard.storyboard */ = {isa = PBXFileReference; fileEncoding = 4; lastKnownFileType = file.storyboard; path = Storyboard.storyboard; sourceTree = "<group>"; };
		386FC7C11A6BB11D00061E1A /* JJWUITableViewController.h */ = {isa = PBXFileReference; fileEncoding = 4; lastKnownFileType = sourcecode.c.h; path = JJWUITableViewController.h; sourceTree = "<group>"; };
		386FC7C21A6BB11D00061E1A /* JJWUITableViewController.m */ = {isa = PBXFileReference; fileEncoding = 4; lastKnownFileType = sourcecode.c.objc; path = JJWUITableViewController.m; sourceTree = "<group>"; };
		386FC7C41A6BBA0D00061E1A /* JJWDetailUIViewController.h */ = {isa = PBXFileReference; fileEncoding = 4; lastKnownFileType = sourcecode.c.h; name = JJWDetailUIViewController.h; path = ../JJWDetailUIViewController.h; sourceTree = "<group>"; };
		386FC7C51A6BBA0D00061E1A /* JJWDetailUIViewController.m */ = {isa = PBXFileReference; fileEncoding = 4; lastKnownFileType = sourcecode.c.objc; name = JJWDetailUIViewController.m; path = ../JJWDetailUIViewController.m; sourceTree = "<group>"; };
		386FC7C61A6BBA0D00061E1A /* JJWDetailUIViewController.xib */ = {isa = PBXFileReference; fileEncoding = 4; lastKnownFileType = file.xib; name = JJWDetailUIViewController.xib; path = ../JJWDetailUIViewController.xib; sourceTree = "<group>"; };
		38BE0E4C1A644B6300DC150D /* JSON Format Refrence */ = {isa = PBXFileReference; fileEncoding = 4; lastKnownFileType = text; path = "JSON Format Refrence"; sourceTree = "<group>"; };
/* End PBXFileReference section */

/* Begin PBXFrameworksBuildPhase section */
		28B2376F1A63750000A49B6B /* Frameworks */ = {
			isa = PBXFrameworksBuildPhase;
			buildActionMask = 2147483647;
			files = (
			);
			runOnlyForDeploymentPostprocessing = 0;
		};
		28B237881A63750000A49B6B /* Frameworks */ = {
			isa = PBXFrameworksBuildPhase;
			buildActionMask = 2147483647;
			files = (
			);
			runOnlyForDeploymentPostprocessing = 0;
		};
/* End PBXFrameworksBuildPhase section */

/* Begin PBXGroup section */
		28241EAF1A63B16E00EF7EFA /* Background Images */ = {
			isa = PBXGroup;
			children = (
				28241EB01A63B17C00EF7EFA /* Background.jpg */,
			);
			name = "Background Images";
			sourceTree = "<group>";
		};
		2863986D1A68D5180050C41F /* Icons */ = {
			isa = PBXGroup;
			children = (
				286398691A68D5150050C41F /* settings.png */,
				2863986A1A68D5150050C41F /* taxiWhite.png */,
			);
			name = Icons;
			sourceTree = "<group>";
		};
		28B237691A63750000A49B6B = {
			isa = PBXGroup;
			children = (
				28B237741A63750000A49B6B /* The_HIll */,
				28B2378E1A63750000A49B6B /* The_HIllTests */,
				28B237731A63750000A49B6B /* Products */,
			);
			sourceTree = "<group>";
		};
		28B237731A63750000A49B6B /* Products */ = {
			isa = PBXGroup;
			children = (
				28B237721A63750000A49B6B /* The_HIll.app */,
				28B2378B1A63750000A49B6B /* The_HIllTests.xctest */,
			);
			name = Products;
			sourceTree = "<group>";
		};
		28B237741A63750000A49B6B /* The_HIll */ = {
			isa = PBXGroup;
			children = (
				28B2379B1A63751700A49B6B /* AppDelegate.h */,
				28B2379C1A63751700A49B6B /* AppDelegate.m */,
				386FC7BF1A6BAEED00061E1A /* Storyboard.storyboard */,
				28B237A01A63753900A49B6B /* ViewControllers */,
				28B2379F1A63752E00A49B6B /* TableView */,
				28B2379E1A63752100A49B6B /* Data */,
				28B237821A63750000A49B6B /* Images.xcassets */,
				28B237841A63750000A49B6B /* LaunchScreen.xib */,
				28B237751A63750000A49B6B /* Supporting Files */,
			);
			path = The_HIll;
			sourceTree = "<group>";
		};
		28B237751A63750000A49B6B /* Supporting Files */ = {
			isa = PBXGroup;
			children = (
				2863986D1A68D5180050C41F /* Icons */,
				28241EAF1A63B16E00EF7EFA /* Background Images */,
				28B237761A63750000A49B6B /* Info.plist */,
				28B237771A63750000A49B6B /* main.m */,
			);
			name = "Supporting Files";
			sourceTree = "<group>";
		};
		28B2378E1A63750000A49B6B /* The_HIllTests */ = {
			isa = PBXGroup;
			children = (
				28B237911A63750000A49B6B /* The_HIllTests.m */,
				28B2378F1A63750000A49B6B /* Supporting Files */,
			);
			path = The_HIllTests;
			sourceTree = "<group>";
		};
		28B2378F1A63750000A49B6B /* Supporting Files */ = {
			isa = PBXGroup;
			children = (
				28B237901A63750000A49B6B /* Info.plist */,
			);
			name = "Supporting Files";
			sourceTree = "<group>";
		};
		28B2379E1A63752100A49B6B /* Data */ = {
			isa = PBXGroup;
			children = (
				28B237A11A63754300A49B6B /* JJWSpecailsLoader.h */,
				28B237A21A63754300A49B6B /* JJWSpecailsLoader.m */,
				28B237A31A63754300A49B6B /* JJWSpecial.h */,
				28B237A41A63754300A49B6B /* JJWSpecial.m */,
				38BE0E4C1A644B6300DC150D /* JSON Format Refrence */,
			);
			name = Data;
			sourceTree = "<group>";
		};
		28B2379F1A63752E00A49B6B /* TableView */ = {
			isa = PBXGroup;
			children = (
				28B237A71A63754B00A49B6B /* JJWTableViewCell.h */,
				28B237A81A63754B00A49B6B /* JJWTableViewCell.m */,
				28B237A91A63754B00A49B6B /* JJWTableViewCell.xib */,
				28B237AA1A63754B00A49B6B /* JJWTableViewCellAlt.h */,
				28B237AB1A63754B00A49B6B /* JJWTableViewCellAlt.m */,
				28B237AC1A63754B00A49B6B /* JJWTableViewCellAlt.xib */,
			);
			name = TableView;
			sourceTree = "<group>";
		};
		28B237A01A63753900A49B6B /* ViewControllers */ = {
			isa = PBXGroup;
			children = (
				386FC7C11A6BB11D00061E1A /* JJWUITableViewController.h */,
				386FC7C21A6BB11D00061E1A /* JJWUITableViewController.m */,
				386FC7C41A6BBA0D00061E1A /* JJWDetailUIViewController.h */,
				386FC7C51A6BBA0D00061E1A /* JJWDetailUIViewController.m */,
				386FC7C61A6BBA0D00061E1A /* JJWDetailUIViewController.xib */,
			);
			name = ViewControllers;
			sourceTree = "<group>";
		};
/* End PBXGroup section */

/* Begin PBXNativeTarget section */
		28B237711A63750000A49B6B /* The_HIll */ = {
			isa = PBXNativeTarget;
			buildConfigurationList = 28B237951A63750000A49B6B /* Build configuration list for PBXNativeTarget "The_HIll" */;
			buildPhases = (
				28B2376E1A63750000A49B6B /* Sources */,
				28B2376F1A63750000A49B6B /* Frameworks */,
				28B237701A63750000A49B6B /* Resources */,
			);
			buildRules = (
			);
			dependencies = (
			);
			name = The_HIll;
			productName = The_HIll;
			productReference = 28B237721A63750000A49B6B /* The_HIll.app */;
			productType = "com.apple.product-type.application";
		};
		28B2378A1A63750000A49B6B /* The_HIllTests */ = {
			isa = PBXNativeTarget;
			buildConfigurationList = 28B237981A63750000A49B6B /* Build configuration list for PBXNativeTarget "The_HIllTests" */;
			buildPhases = (
				28B237871A63750000A49B6B /* Sources */,
				28B237881A63750000A49B6B /* Frameworks */,
				28B237891A63750000A49B6B /* Resources */,
			);
			buildRules = (
			);
			dependencies = (
				28B2378D1A63750000A49B6B /* PBXTargetDependency */,
			);
			name = The_HIllTests;
			productName = The_HIllTests;
			productReference = 28B2378B1A63750000A49B6B /* The_HIllTests.xctest */;
			productType = "com.apple.product-type.bundle.unit-test";
		};
/* End PBXNativeTarget section */

/* Begin PBXProject section */
		28B2376A1A63750000A49B6B /* Project object */ = {
			isa = PBXProject;
			attributes = {
				LastUpgradeCheck = 0610;
				ORGANIZATIONNAME = "Big Nerd Ranch";
				TargetAttributes = {
					28B237711A63750000A49B6B = {
						CreatedOnToolsVersion = 6.1.1;
					};
					28B2378A1A63750000A49B6B = {
						CreatedOnToolsVersion = 6.1.1;
						TestTargetID = 28B237711A63750000A49B6B;
					};
				};
			};
			buildConfigurationList = 28B2376D1A63750000A49B6B /* Build configuration list for PBXProject "The_HIll" */;
			compatibilityVersion = "Xcode 3.2";
			developmentRegion = English;
			hasScannedForEncodings = 0;
			knownRegions = (
				en,
				Base,
			);
			mainGroup = 28B237691A63750000A49B6B;
			productRefGroup = 28B237731A63750000A49B6B /* Products */;
			projectDirPath = "";
			projectRoot = "";
			targets = (
				28B237711A63750000A49B6B /* The_HIll */,
				28B2378A1A63750000A49B6B /* The_HIllTests */,
			);
		};
/* End PBXProject section */

/* Begin PBXResourcesBuildPhase section */
		28B237701A63750000A49B6B /* Resources */ = {
			isa = PBXResourcesBuildPhase;
			buildActionMask = 2147483647;
			files = (
				2863986C1A68D5150050C41F /* taxiWhite.png in Resources */,
				38BE0E4D1A644B6300DC150D /* JSON Format Refrence in Resources */,
				28B237B01A63754B00A49B6B /* JJWTableViewCellAlt.xib in Resources */,
				28241EB11A63B17C00EF7EFA /* Background.jpg in Resources */,
				28B237861A63750000A49B6B /* LaunchScreen.xib in Resources */,
				386FC7C81A6BBA0D00061E1A /* JJWDetailUIViewController.xib in Resources */,
				2863986B1A68D5150050C41F /* settings.png in Resources */,
				28B237831A63750000A49B6B /* Images.xcassets in Resources */,
				28B237AE1A63754B00A49B6B /* JJWTableViewCell.xib in Resources */,
				386FC7C01A6BAEED00061E1A /* Storyboard.storyboard in Resources */,
			);
			runOnlyForDeploymentPostprocessing = 0;
		};
		28B237891A63750000A49B6B /* Resources */ = {
			isa = PBXResourcesBuildPhase;
			buildActionMask = 2147483647;
			files = (
			);
			runOnlyForDeploymentPostprocessing = 0;
		};
/* End PBXResourcesBuildPhase section */

/* Begin PBXSourcesBuildPhase section */
		28B2376E1A63750000A49B6B /* Sources */ = {
			isa = PBXSourcesBuildPhase;
			buildActionMask = 2147483647;
			files = (
				28B237A51A63754300A49B6B /* JJWSpecailsLoader.m in Sources */,
				386FC7C71A6BBA0D00061E1A /* JJWDetailUIViewController.m in Sources */,
				28B237AD1A63754B00A49B6B /* JJWTableViewCell.m in Sources */,
				28B2379D1A63751700A49B6B /* AppDelegate.m in Sources */,
				28B237AF1A63754B00A49B6B /* JJWTableViewCellAlt.m in Sources */,
				386FC7C31A6BB11D00061E1A /* JJWUITableViewController.m in Sources */,
				28B237781A63750000A49B6B /* main.m in Sources */,
				28B237A61A63754300A49B6B /* JJWSpecial.m in Sources */,
			);
			runOnlyForDeploymentPostprocessing = 0;
		};
		28B237871A63750000A49B6B /* Sources */ = {
			isa = PBXSourcesBuildPhase;
			buildActionMask = 2147483647;
			files = (
				28B237921A63750000A49B6B /* The_HIllTests.m in Sources */,
			);
			runOnlyForDeploymentPostprocessing = 0;
		};
/* End PBXSourcesBuildPhase section */

/* Begin PBXTargetDependency section */
		28B2378D1A63750000A49B6B /* PBXTargetDependency */ = {
			isa = PBXTargetDependency;
			target = 28B237711A63750000A49B6B /* The_HIll */;
			targetProxy = 28B2378C1A63750000A49B6B /* PBXContainerItemProxy */;
		};
/* End PBXTargetDependency section */

/* Begin PBXVariantGroup section */
		28B237841A63750000A49B6B /* LaunchScreen.xib */ = {
			isa = PBXVariantGroup;
			children = (
				28B237851A63750000A49B6B /* Base */,
			);
			name = LaunchScreen.xib;
			sourceTree = "<group>";
		};
/* End PBXVariantGroup section */

/* Begin XCBuildConfiguration section */
		28B237931A63750000A49B6B /* Debug */ = {
			isa = XCBuildConfiguration;
			buildSettings = {
				ALWAYS_SEARCH_USER_PATHS = NO;
				CLANG_CXX_LANGUAGE_STANDARD = "gnu++0x";
				CLANG_CXX_LIBRARY = "libc++";
				CLANG_ENABLE_MODULES = YES;
				CLANG_ENABLE_OBJC_ARC = YES;
				CLANG_WARN_BOOL_CONVERSION = YES;
				CLANG_WARN_CONSTANT_CONVERSION = YES;
				CLANG_WARN_DIRECT_OBJC_ISA_USAGE = YES_ERROR;
				CLANG_WARN_EMPTY_BODY = YES;
				CLANG_WARN_ENUM_CONVERSION = YES;
				CLANG_WARN_INT_CONVERSION = YES;
				CLANG_WARN_OBJC_ROOT_CLASS = YES_ERROR;
				CLANG_WARN_UNREACHABLE_CODE = YES;
				CLANG_WARN__DUPLICATE_METHOD_MATCH = YES;
				"CODE_SIGN_IDENTITY[sdk=iphoneos*]" = "iPhone Developer";
				COPY_PHASE_STRIP = NO;
				ENABLE_STRICT_OBJC_MSGSEND = YES;
				GCC_C_LANGUAGE_STANDARD = gnu99;
				GCC_DYNAMIC_NO_PIC = NO;
				GCC_OPTIMIZATION_LEVEL = 0;
				GCC_PREPROCESSOR_DEFINITIONS = (
					"DEBUG=1",
					"$(inherited)",
				);
				GCC_SYMBOLS_PRIVATE_EXTERN = NO;
				GCC_WARN_64_TO_32_BIT_CONVERSION = YES;
				GCC_WARN_ABOUT_RETURN_TYPE = YES_ERROR;
				GCC_WARN_UNDECLARED_SELECTOR = YES;
				GCC_WARN_UNINITIALIZED_AUTOS = YES_AGGRESSIVE;
				GCC_WARN_UNUSED_FUNCTION = YES;
				GCC_WARN_UNUSED_VARIABLE = YES;
				IPHONEOS_DEPLOYMENT_TARGET = 8.1;
				MTL_ENABLE_DEBUG_INFO = YES;
				ONLY_ACTIVE_ARCH = YES;
				SDKROOT = iphoneos;
			};
			name = Debug;
		};
		28B237941A63750000A49B6B /* Release */ = {
			isa = XCBuildConfiguration;
			buildSettings = {
				ALWAYS_SEARCH_USER_PATHS = NO;
				CLANG_CXX_LANGUAGE_STANDARD = "gnu++0x";
				CLANG_CXX_LIBRARY = "libc++";
				CLANG_ENABLE_MODULES = YES;
				CLANG_ENABLE_OBJC_ARC = YES;
				CLANG_WARN_BOOL_CONVERSION = YES;
				CLANG_WARN_CONSTANT_CONVERSION = YES;
				CLANG_WARN_DIRECT_OBJC_ISA_USAGE = YES_ERROR;
				CLANG_WARN_EMPTY_BODY = YES;
				CLANG_WARN_ENUM_CONVERSION = YES;
				CLANG_WARN_INT_CONVERSION = YES;
				CLANG_WARN_OBJC_ROOT_CLASS = YES_ERROR;
				CLANG_WARN_UNREACHABLE_CODE = YES;
				CLANG_WARN__DUPLICATE_METHOD_MATCH = YES;
				"CODE_SIGN_IDENTITY[sdk=iphoneos*]" = "iPhone Developer";
				COPY_PHASE_STRIP = YES;
				ENABLE_NS_ASSERTIONS = NO;
				ENABLE_STRICT_OBJC_MSGSEND = YES;
				GCC_C_LANGUAGE_STANDARD = gnu99;
				GCC_WARN_64_TO_32_BIT_CONVERSION = YES;
				GCC_WARN_ABOUT_RETURN_TYPE = YES_ERROR;
				GCC_WARN_UNDECLARED_SELECTOR = YES;
				GCC_WARN_UNINITIALIZED_AUTOS = YES_AGGRESSIVE;
				GCC_WARN_UNUSED_FUNCTION = YES;
				GCC_WARN_UNUSED_VARIABLE = YES;
				IPHONEOS_DEPLOYMENT_TARGET = 8.1;
				MTL_ENABLE_DEBUG_INFO = NO;
				SDKROOT = iphoneos;
				VALIDATE_PRODUCT = YES;
			};
			name = Release;
		};
		28B237961A63750000A49B6B /* Debug */ = {
			isa = XCBuildConfiguration;
			buildSettings = {
				ASSETCATALOG_COMPILER_APPICON_NAME = AppIcon;
				INFOPLIST_FILE = The_HIll/Info.plist;
				LD_RUNPATH_SEARCH_PATHS = "$(inherited) @executable_path/Frameworks";
				PRODUCT_NAME = "$(TARGET_NAME)";
			};
			name = Debug;
		};
		28B237971A63750000A49B6B /* Release */ = {
			isa = XCBuildConfiguration;
			buildSettings = {
				ASSETCATALOG_COMPILER_APPICON_NAME = AppIcon;
				INFOPLIST_FILE = The_HIll/Info.plist;
				LD_RUNPATH_SEARCH_PATHS = "$(inherited) @executable_path/Frameworks";
				PRODUCT_NAME = "$(TARGET_NAME)";
			};
			name = Release;
		};
		28B237991A63750000A49B6B /* Debug */ = {
			isa = XCBuildConfiguration;
			buildSettings = {
				BUNDLE_LOADER = "$(TEST_HOST)";
				FRAMEWORK_SEARCH_PATHS = (
					"$(SDKROOT)/Developer/Library/Frameworks",
					"$(inherited)",
				);
				GCC_PREPROCESSOR_DEFINITIONS = (
					"DEBUG=1",
					"$(inherited)",
				);
				INFOPLIST_FILE = The_HIllTests/Info.plist;
				LD_RUNPATH_SEARCH_PATHS = "$(inherited) @executable_path/Frameworks @loader_path/Frameworks";
				PRODUCT_NAME = "$(TARGET_NAME)";
				TEST_HOST = "$(BUILT_PRODUCTS_DIR)/The_HIll.app/The_HIll";
			};
			name = Debug;
		};
		28B2379A1A63750000A49B6B /* Release */ = {
			isa = XCBuildConfiguration;
			buildSettings = {
				BUNDLE_LOADER = "$(TEST_HOST)";
				FRAMEWORK_SEARCH_PATHS = (
					"$(SDKROOT)/Developer/Library/Frameworks",
					"$(inherited)",
				);
				INFOPLIST_FILE = The_HIllTests/Info.plist;
				LD_RUNPATH_SEARCH_PATHS = "$(inherited) @executable_path/Frameworks @loader_path/Frameworks";
				PRODUCT_NAME = "$(TARGET_NAME)";
				TEST_HOST = "$(BUILT_PRODUCTS_DIR)/The_HIll.app/The_HIll";
			};
			name = Release;
		};
/* End XCBuildConfiguration section */

/* Begin XCConfigurationList section */
		28B2376D1A63750000A49B6B /* Build configuration list for PBXProject "The_HIll" */ = {
			isa = XCConfigurationList;
			buildConfigurations = (
				28B237931A63750000A49B6B /* Debug */,
				28B237941A63750000A49B6B /* Release */,
			);
			defaultConfigurationIsVisible = 0;
			defaultConfigurationName = Release;
		};
		28B237951A63750000A49B6B /* Build configuration list for PBXNativeTarget "The_HIll" */ = {
			isa = XCConfigurationList;
			buildConfigurations = (
				28B237961A63750000A49B6B /* Debug */,
				28B237971A63750000A49B6B /* Release */,
			);
			defaultConfigurationIsVisible = 0;
			defaultConfigurationName = Release;
		};
		28B237981A63750000A49B6B /* Build configuration list for PBXNativeTarget "The_HIllTests" */ = {
			isa = XCConfigurationList;
			buildConfigurations = (
				28B237991A63750000A49B6B /* Debug */,
				28B2379A1A63750000A49B6B /* Release */,
			);
			defaultConfigurationIsVisible = 0;
			defaultConfigurationName = Release;
		};
/* End XCConfigurationList section */
	};
	rootObject = 28B2376A1A63750000A49B6B /* Project object */;
}
